// !$*UTF8*$!
{
	archiveVersion = 1;
	classes = {
	};
	objectVersion = 56;
	objects = {

/* Begin PBXBuildFile section */
		8C0805FF29ED09E400F12665 /* ViewController9.swift in Sources */ = {isa = PBXBuildFile; fileRef = 8C0805FE29ED09E400F12665 /* ViewController9.swift */; };
		8C09C49E29F18C9E0097F803 /* ViewController14.swift in Sources */ = {isa = PBXBuildFile; fileRef = 8C09C49D29F18C9E0097F803 /* ViewController14.swift */; };
		8C09C4A029F18EAB0097F803 /* spotifyCollectionViewCell.swift in Sources */ = {isa = PBXBuildFile; fileRef = 8C09C49F29F18EAB0097F803 /* spotifyCollectionViewCell.swift */; };
		8C1F530529F3B03600928D77 /* DPOTPView in Frameworks */ = {isa = PBXBuildFile; productRef = 8C1F530429F3B03600928D77 /* DPOTPView */; };
		8C1F530929F3B33400928D77 /* dpotpv.swift in Sources */ = {isa = PBXBuildFile; fileRef = 8C1F530829F3B33400928D77 /* dpotpv.swift */; };
		8C2494DE2A1346F00079C650 /* thirdTableViewCell.swift in Sources */ = {isa = PBXBuildFile; fileRef = 8C2494DD2A1346F00079C650 /* thirdTableViewCell.swift */; };
		8C2494E02A1347BC0079C650 /* secondCollectionViewCell.swift in Sources */ = {isa = PBXBuildFile; fileRef = 8C2494DF2A1347BC0079C650 /* secondCollectionViewCell.swift */; };
		8C2FDB8729E8391F00239204 /* ViewController3.swift in Sources */ = {isa = PBXBuildFile; fileRef = 8C2FDB8629E8391F00239204 /* ViewController3.swift */; };
		8C2FDB8929E8453F00239204 /* ViewController4.swift in Sources */ = {isa = PBXBuildFile; fileRef = 8C2FDB8829E8453F00239204 /* ViewController4.swift */; };
		8C2FDB8B29E84BC800239204 /* ViewController5.swift in Sources */ = {isa = PBXBuildFile; fileRef = 8C2FDB8A29E84BC800239204 /* ViewController5.swift */; };
		8C3BB04629EE57FD004E2758 /* ViewController10.swift in Sources */ = {isa = PBXBuildFile; fileRef = 8C3BB04529EE57FD004E2758 /* ViewController10.swift */; };
		8C3BB04829EE5D39004E2758 /* ViewController11.swift in Sources */ = {isa = PBXBuildFile; fileRef = 8C3BB04729EE5D39004E2758 /* ViewController11.swift */; };
		8C3BB04A29EE71F3004E2758 /* TableViewCell2.swift in Sources */ = {isa = PBXBuildFile; fileRef = 8C3BB04929EE71F3004E2758 /* TableViewCell2.swift */; };
		8C3E4C252A15EFA20042F721 /* fourTableViewCell.swift in Sources */ = {isa = PBXBuildFile; fileRef = 8C3E4C242A15EFA20042F721 /* fourTableViewCell.swift */; };
		8C3E4C272A15F0310042F721 /* thirdCollectionViewCell.swift in Sources */ = {isa = PBXBuildFile; fileRef = 8C3E4C262A15F0310042F721 /* thirdCollectionViewCell.swift */; };
		8C3E4C292A15F81C0042F721 /* fiveTableViewCell.swift in Sources */ = {isa = PBXBuildFile; fileRef = 8C3E4C282A15F81C0042F721 /* fiveTableViewCell.swift */; };
		8C3E4C2B2A15F87A0042F721 /* fourCollectionViewCell.swift in Sources */ = {isa = PBXBuildFile; fileRef = 8C3E4C2A2A15F87A0042F721 /* fourCollectionViewCell.swift */; };
		8C42C86629E9232E00E9016D /* ViewController6.swift in Sources */ = {isa = PBXBuildFile; fileRef = 8C42C86529E9232D00E9016D /* ViewController6.swift */; };
		8C42C86829E9269600E9016D /* ViewController7.swift in Sources */ = {isa = PBXBuildFile; fileRef = 8C42C86729E9269600E9016D /* ViewController7.swift */; };
		8C42C86A29E93AD700E9016D /* ViewController8.swift in Sources */ = {isa = PBXBuildFile; fileRef = 8C42C86929E93AD700E9016D /* ViewController8.swift */; };
		8C496EAD2A1DD6C0000925FE /* libraryTableViewCell.swift in Sources */ = {isa = PBXBuildFile; fileRef = 8C496EAC2A1DD6BF000925FE /* libraryTableViewCell.swift */; };
		8C4E9A4F29FA41EC0021BB37 /* tabBarcontroller.swift in Sources */ = {isa = PBXBuildFile; fileRef = 8C4E9A4E29FA41EC0021BB37 /* tabBarcontroller.swift */; };
		8C4E9A5129FA42750021BB37 /* homepage.swift in Sources */ = {isa = PBXBuildFile; fileRef = 8C4E9A5029FA42750021BB37 /* homepage.swift */; };
		8C4E9A5329FA43160021BB37 /* searchPage.swift in Sources */ = {isa = PBXBuildFile; fileRef = 8C4E9A5229FA43160021BB37 /* searchPage.swift */; };
		8C4E9A5529FA43910021BB37 /* librarayPage.swift in Sources */ = {isa = PBXBuildFile; fileRef = 8C4E9A5429FA43910021BB37 /* librarayPage.swift */; };
		8C4E9A5729FA43CB0021BB37 /* premiumPage.swift in Sources */ = {isa = PBXBuildFile; fileRef = 8C4E9A5629FA43CB0021BB37 /* premiumPage.swift */; };
		8C4F33B729F10CFC00B66430 /* ViewController13.swift in Sources */ = {isa = PBXBuildFile; fileRef = 8C4F33B629F10CFC00B66430 /* ViewController13.swift */; };
		8C4F33B929F1176900B66430 /* popTableViewCell.swift in Sources */ = {isa = PBXBuildFile; fileRef = 8C4F33B829F1176800B66430 /* popTableViewCell.swift */; };
		8C5666AC29E7CCB600F072D8 /* AppDelegate.swift in Sources */ = {isa = PBXBuildFile; fileRef = 8C5666AB29E7CCB600F072D8 /* AppDelegate.swift */; };
		8C5666AE29E7CCB600F072D8 /* SceneDelegate.swift in Sources */ = {isa = PBXBuildFile; fileRef = 8C5666AD29E7CCB600F072D8 /* SceneDelegate.swift */; };
		8C5666B029E7CCB600F072D8 /* ViewController.swift in Sources */ = {isa = PBXBuildFile; fileRef = 8C5666AF29E7CCB600F072D8 /* ViewController.swift */; };
		8C5666B329E7CCB600F072D8 /* Main.storyboard in Resources */ = {isa = PBXBuildFile; fileRef = 8C5666B129E7CCB600F072D8 /* Main.storyboard */; };
		8C5666B529E7CCBB00F072D8 /* Assets.xcassets in Resources */ = {isa = PBXBuildFile; fileRef = 8C5666B429E7CCBB00F072D8 /* Assets.xcassets */; };
		8C5666B829E7CCBB00F072D8 /* LaunchScreen.storyboard in Resources */ = {isa = PBXBuildFile; fileRef = 8C5666B629E7CCBB00F072D8 /* LaunchScreen.storyboard */; };
		8C5666C029E7DE6900F072D8 /* ViewController2.swift in Sources */ = {isa = PBXBuildFile; fileRef = 8C5666BF29E7DE6900F072D8 /* ViewController2.swift */; };
		8C5721932A0E020400CA3EB8 /* secondTableViewCell.swift in Sources */ = {isa = PBXBuildFile; fileRef = 8C5721922A0E020400CA3EB8 /* secondTableViewCell.swift */; };
		8C5721952A0E066C00CA3EB8 /* firstCollectionViewCell.swift in Sources */ = {isa = PBXBuildFile; fileRef = 8C5721942A0E066C00CA3EB8 /* firstCollectionViewCell.swift */; };
		8C61E7E42A1C7BC5006FB6FA /* searchCollectionViewCell.swift in Sources */ = {isa = PBXBuildFile; fileRef = 8C61E7E32A1C7BC5006FB6FA /* searchCollectionViewCell.swift */; };
		8C68B62629EEDAEE00ACE79C /* ViewController12.swift in Sources */ = {isa = PBXBuildFile; fileRef = 8C68B62529EEDAEE00ACE79C /* ViewController12.swift */; };
		8C68B62829EEDD3900ACE79C /* myCollectionViewCell.swift in Sources */ = {isa = PBXBuildFile; fileRef = 8C68B62729EEDD3900ACE79C /* myCollectionViewCell.swift */; };
		8C6D461029F97D17004798A6 /* spotifypalylist.swift in Sources */ = {isa = PBXBuildFile; fileRef = 8C6D460F29F97D17004798A6 /* spotifypalylist.swift */; };
		8C703BC42A0CC2AD00DCC3DF /* firstTableViewCell.swift in Sources */ = {isa = PBXBuildFile; fileRef = 8C703BC32A0CC2AD00DCC3DF /* firstTableViewCell.swift */; };
/* End PBXBuildFile section */

/* Begin PBXFileReference section */
		8C0805FE29ED09E400F12665 /* ViewController9.swift */ = {isa = PBXFileReference; lastKnownFileType = sourcecode.swift; path = ViewController9.swift; sourceTree = "<group>"; };
		8C09C49D29F18C9E0097F803 /* ViewController14.swift */ = {isa = PBXFileReference; lastKnownFileType = sourcecode.swift; path = ViewController14.swift; sourceTree = "<group>"; };
		8C09C49F29F18EAB0097F803 /* spotifyCollectionViewCell.swift */ = {isa = PBXFileReference; lastKnownFileType = sourcecode.swift; path = spotifyCollectionViewCell.swift; sourceTree = "<group>"; };
		8C1F530829F3B33400928D77 /* dpotpv.swift */ = {isa = PBXFileReference; lastKnownFileType = sourcecode.swift; path = dpotpv.swift; sourceTree = "<group>"; };
		8C2494DD2A1346F00079C650 /* thirdTableViewCell.swift */ = {isa = PBXFileReference; lastKnownFileType = sourcecode.swift; path = thirdTableViewCell.swift; sourceTree = "<group>"; };
		8C2494DF2A1347BC0079C650 /* secondCollectionViewCell.swift */ = {isa = PBXFileReference; lastKnownFileType = sourcecode.swift; path = secondCollectionViewCell.swift; sourceTree = "<group>"; };
		8C2FDB8629E8391F00239204 /* ViewController3.swift */ = {isa = PBXFileReference; lastKnownFileType = sourcecode.swift; path = ViewController3.swift; sourceTree = "<group>"; };
		8C2FDB8829E8453F00239204 /* ViewController4.swift */ = {isa = PBXFileReference; lastKnownFileType = sourcecode.swift; path = ViewController4.swift; sourceTree = "<group>"; };
		8C2FDB8A29E84BC800239204 /* ViewController5.swift */ = {isa = PBXFileReference; lastKnownFileType = sourcecode.swift; path = ViewController5.swift; sourceTree = "<group>"; };
		8C3BB04529EE57FD004E2758 /* ViewController10.swift */ = {isa = PBXFileReference; lastKnownFileType = sourcecode.swift; path = ViewController10.swift; sourceTree = "<group>"; };
		8C3BB04729EE5D39004E2758 /* ViewController11.swift */ = {isa = PBXFileReference; lastKnownFileType = sourcecode.swift; path = ViewController11.swift; sourceTree = "<group>"; };
		8C3BB04929EE71F3004E2758 /* TableViewCell2.swift */ = {isa = PBXFileReference; lastKnownFileType = sourcecode.swift; path = TableViewCell2.swift; sourceTree = "<group>"; };
		8C3E4C242A15EFA20042F721 /* fourTableViewCell.swift */ = {isa = PBXFileReference; lastKnownFileType = sourcecode.swift; path = fourTableViewCell.swift; sourceTree = "<group>"; };
		8C3E4C262A15F0310042F721 /* thirdCollectionViewCell.swift */ = {isa = PBXFileReference; lastKnownFileType = sourcecode.swift; path = thirdCollectionViewCell.swift; sourceTree = "<group>"; };
		8C3E4C282A15F81C0042F721 /* fiveTableViewCell.swift */ = {isa = PBXFileReference; lastKnownFileType = sourcecode.swift; path = fiveTableViewCell.swift; sourceTree = "<group>"; };
		8C3E4C2A2A15F87A0042F721 /* fourCollectionViewCell.swift */ = {isa = PBXFileReference; lastKnownFileType = sourcecode.swift; path = fourCollectionViewCell.swift; sourceTree = "<group>"; };
		8C42C86529E9232D00E9016D /* ViewController6.swift */ = {isa = PBXFileReference; lastKnownFileType = sourcecode.swift; path = ViewController6.swift; sourceTree = "<group>"; };
		8C42C86729E9269600E9016D /* ViewController7.swift */ = {isa = PBXFileReference; lastKnownFileType = sourcecode.swift; path = ViewController7.swift; sourceTree = "<group>"; };
		8C42C86929E93AD700E9016D /* ViewController8.swift */ = {isa = PBXFileReference; lastKnownFileType = sourcecode.swift; path = ViewController8.swift; sourceTree = "<group>"; };
		8C496EAC2A1DD6BF000925FE /* libraryTableViewCell.swift */ = {isa = PBXFileReference; lastKnownFileType = sourcecode.swift; path = libraryTableViewCell.swift; sourceTree = "<group>"; };
		8C4E9A4E29FA41EC0021BB37 /* tabBarcontroller.swift */ = {isa = PBXFileReference; lastKnownFileType = sourcecode.swift; path = tabBarcontroller.swift; sourceTree = "<group>"; };
		8C4E9A5029FA42750021BB37 /* homepage.swift */ = {isa = PBXFileReference; lastKnownFileType = sourcecode.swift; path = homepage.swift; sourceTree = "<group>"; };
		8C4E9A5229FA43160021BB37 /* searchPage.swift */ = {isa = PBXFileReference; lastKnownFileType = sourcecode.swift; path = searchPage.swift; sourceTree = "<group>"; };
		8C4E9A5429FA43910021BB37 /* librarayPage.swift */ = {isa = PBXFileReference; lastKnownFileType = sourcecode.swift; path = librarayPage.swift; sourceTree = "<group>"; };
		8C4E9A5629FA43CB0021BB37 /* premiumPage.swift */ = {isa = PBXFileReference; lastKnownFileType = sourcecode.swift; path = premiumPage.swift; sourceTree = "<group>"; };
		8C4F33B629F10CFC00B66430 /* ViewController13.swift */ = {isa = PBXFileReference; lastKnownFileType = sourcecode.swift; path = ViewController13.swift; sourceTree = "<group>"; };
		8C4F33B829F1176800B66430 /* popTableViewCell.swift */ = {isa = PBXFileReference; lastKnownFileType = sourcecode.swift; path = popTableViewCell.swift; sourceTree = "<group>"; };
		8C5666A829E7CCB600F072D8 /* spotify application.app */ = {isa = PBXFileReference; explicitFileType = wrapper.application; includeInIndex = 0; path = "spotify application.app"; sourceTree = BUILT_PRODUCTS_DIR; };
		8C5666AB29E7CCB600F072D8 /* AppDelegate.swift */ = {isa = PBXFileReference; lastKnownFileType = sourcecode.swift; path = AppDelegate.swift; sourceTree = "<group>"; };
		8C5666AD29E7CCB600F072D8 /* SceneDelegate.swift */ = {isa = PBXFileReference; lastKnownFileType = sourcecode.swift; path = SceneDelegate.swift; sourceTree = "<group>"; };
		8C5666AF29E7CCB600F072D8 /* ViewController.swift */ = {isa = PBXFileReference; lastKnownFileType = sourcecode.swift; path = ViewController.swift; sourceTree = "<group>"; };
		8C5666B229E7CCB600F072D8 /* Base */ = {isa = PBXFileReference; lastKnownFileType = file.storyboard; name = Base; path = Base.lproj/Main.storyboard; sourceTree = "<group>"; };
		8C5666B429E7CCBB00F072D8 /* Assets.xcassets */ = {isa = PBXFileReference; lastKnownFileType = folder.assetcatalog; path = Assets.xcassets; sourceTree = "<group>"; };
		8C5666B729E7CCBB00F072D8 /* Base */ = {isa = PBXFileReference; lastKnownFileType = file.storyboard; name = Base; path = Base.lproj/LaunchScreen.storyboard; sourceTree = "<group>"; };
		8C5666B929E7CCBB00F072D8 /* Info.plist */ = {isa = PBXFileReference; lastKnownFileType = text.plist.xml; path = Info.plist; sourceTree = "<group>"; };
		8C5666BF29E7DE6900F072D8 /* ViewController2.swift */ = {isa = PBXFileReference; lastKnownFileType = sourcecode.swift; path = ViewController2.swift; sourceTree = "<group>"; };
		8C5721922A0E020400CA3EB8 /* secondTableViewCell.swift */ = {isa = PBXFileReference; lastKnownFileType = sourcecode.swift; path = secondTableViewCell.swift; sourceTree = "<group>"; };
		8C5721942A0E066C00CA3EB8 /* firstCollectionViewCell.swift */ = {isa = PBXFileReference; lastKnownFileType = sourcecode.swift; path = firstCollectionViewCell.swift; sourceTree = "<group>"; };
		8C61E7E32A1C7BC5006FB6FA /* searchCollectionViewCell.swift */ = {isa = PBXFileReference; lastKnownFileType = sourcecode.swift; path = searchCollectionViewCell.swift; sourceTree = "<group>"; };
		8C68B62529EEDAEE00ACE79C /* ViewController12.swift */ = {isa = PBXFileReference; lastKnownFileType = sourcecode.swift; path = ViewController12.swift; sourceTree = "<group>"; };
		8C68B62729EEDD3900ACE79C /* myCollectionViewCell.swift */ = {isa = PBXFileReference; lastKnownFileType = sourcecode.swift; path = myCollectionViewCell.swift; sourceTree = "<group>"; };
		8C6D460F29F97D17004798A6 /* spotifypalylist.swift */ = {isa = PBXFileReference; lastKnownFileType = sourcecode.swift; path = spotifypalylist.swift; sourceTree = "<group>"; };
		8C703BC32A0CC2AD00DCC3DF /* firstTableViewCell.swift */ = {isa = PBXFileReference; lastKnownFileType = sourcecode.swift; path = firstTableViewCell.swift; sourceTree = "<group>"; };
/* End PBXFileReference section */

/* Begin PBXFrameworksBuildPhase section */
		8C5666A529E7CCB600F072D8 /* Frameworks */ = {
			isa = PBXFrameworksBuildPhase;
			buildActionMask = 2147483647;
			files = (
				8C1F530529F3B03600928D77 /* DPOTPView in Frameworks */,
			);
			runOnlyForDeploymentPostprocessing = 0;
		};
/* End PBXFrameworksBuildPhase section */

/* Begin PBXGroup section */
		8C56669F29E7CCB600F072D8 = {
			isa = PBXGroup;
			children = (
				8C496EAC2A1DD6BF000925FE /* libraryTableViewCell.swift */,
				8C61E7E32A1C7BC5006FB6FA /* searchCollectionViewCell.swift */,
				8C5721922A0E020400CA3EB8 /* secondTableViewCell.swift */,
				8C5666AA29E7CCB600F072D8 /* spotify application */,
				8C5666A929E7CCB600F072D8 /* Products */,
			);
			sourceTree = "<group>";
		};
		8C5666A929E7CCB600F072D8 /* Products */ = {
			isa = PBXGroup;
			children = (
				8C5666A829E7CCB600F072D8 /* spotify application.app */,
			);
			name = Products;
			sourceTree = "<group>";
		};
		8C5666AA29E7CCB600F072D8 /* spotify application */ = {
			isa = PBXGroup;
			children = (
				8C5666AB29E7CCB600F072D8 /* AppDelegate.swift */,
				8C5666AD29E7CCB600F072D8 /* SceneDelegate.swift */,
				8C4F33B629F10CFC00B66430 /* ViewController13.swift */,
				8C3BB04529EE57FD004E2758 /* ViewController10.swift */,
				8C3BB04929EE71F3004E2758 /* TableViewCell2.swift */,
				8C09C49D29F18C9E0097F803 /* ViewController14.swift */,
				8C09C49F29F18EAB0097F803 /* spotifyCollectionViewCell.swift */,
				8C68B62529EEDAEE00ACE79C /* ViewController12.swift */,
				8C42C86529E9232D00E9016D /* ViewController6.swift */,
				8C4F33B829F1176800B66430 /* popTableViewCell.swift */,
				8C3BB04729EE5D39004E2758 /* ViewController11.swift */,
				8C42C86729E9269600E9016D /* ViewController7.swift */,
				8C2FDB8A29E84BC800239204 /* ViewController5.swift */,
				8C2FDB8829E8453F00239204 /* ViewController4.swift */,
				8C2FDB8629E8391F00239204 /* ViewController3.swift */,
				8C5666BF29E7DE6900F072D8 /* ViewController2.swift */,
				8C5666AF29E7CCB600F072D8 /* ViewController.swift */,
				8C5666B129E7CCB600F072D8 /* Main.storyboard */,
				8C3E4C2A2A15F87A0042F721 /* fourCollectionViewCell.swift */,
				8C3E4C282A15F81C0042F721 /* fiveTableViewCell.swift */,
				8C3E4C262A15F0310042F721 /* thirdCollectionViewCell.swift */,
				8C3E4C242A15EFA20042F721 /* fourTableViewCell.swift */,
				8C2494DF2A1347BC0079C650 /* secondCollectionViewCell.swift */,
				8C2494DD2A1346F00079C650 /* thirdTableViewCell.swift */,
				8C5721942A0E066C00CA3EB8 /* firstCollectionViewCell.swift */,
				8C703BC32A0CC2AD00DCC3DF /* firstTableViewCell.swift */,
				8C4E9A5629FA43CB0021BB37 /* premiumPage.swift */,
				8C4E9A5429FA43910021BB37 /* librarayPage.swift */,
				8C4E9A5229FA43160021BB37 /* searchPage.swift */,
				8C4E9A5029FA42750021BB37 /* homepage.swift */,
				8C4E9A4E29FA41EC0021BB37 /* tabBarcontroller.swift */,
				8C6D460F29F97D17004798A6 /* spotifypalylist.swift */,
				8C1F530829F3B33400928D77 /* dpotpv.swift */,
				8C68B62729EEDD3900ACE79C /* myCollectionViewCell.swift */,
				8C0805FE29ED09E400F12665 /* ViewController9.swift */,
				8C42C86929E93AD700E9016D /* ViewController8.swift */,
				8C5666B429E7CCBB00F072D8 /* Assets.xcassets */,
				8C5666B629E7CCBB00F072D8 /* LaunchScreen.storyboard */,
				8C5666B929E7CCBB00F072D8 /* Info.plist */,
			);
			path = "spotify application";
			sourceTree = "<group>";
		};
/* End PBXGroup section */

/* Begin PBXNativeTarget section */
		8C5666A729E7CCB600F072D8 /* spotify application */ = {
			isa = PBXNativeTarget;
			buildConfigurationList = 8C5666BC29E7CCBB00F072D8 /* Build configuration list for PBXNativeTarget "spotify application" */;
			buildPhases = (
				8C5666A429E7CCB600F072D8 /* Sources */,
				8C5666A529E7CCB600F072D8 /* Frameworks */,
				8C5666A629E7CCB600F072D8 /* Resources */,
			);
			buildRules = (
			);
			dependencies = (
			);
			name = "spotify application";
			packageProductDependencies = (
				8C1F530429F3B03600928D77 /* DPOTPView */,
			);
			productName = "spotify application";
			productReference = 8C5666A829E7CCB600F072D8 /* spotify application.app */;
			productType = "com.apple.product-type.application";
		};
/* End PBXNativeTarget section */

/* Begin PBXProject section */
		8C5666A029E7CCB600F072D8 /* Project object */ = {
			isa = PBXProject;
			attributes = {
				BuildIndependentTargetsInParallel = 1;
				LastSwiftUpdateCheck = 1420;
				LastUpgradeCheck = 1420;
				TargetAttributes = {
					8C5666A729E7CCB600F072D8 = {
						CreatedOnToolsVersion = 14.2;
					};
				};
			};
			buildConfigurationList = 8C5666A329E7CCB600F072D8 /* Build configuration list for PBXProject "spotify application" */;
			compatibilityVersion = "Xcode 14.0";
			developmentRegion = en;
			hasScannedForEncodings = 0;
			knownRegions = (
				en,
				Base,
			);
			mainGroup = 8C56669F29E7CCB600F072D8;
			packageReferences = (
				8C1F530329F3B03600928D77 /* XCRemoteSwiftPackageReference "DPOTPView" */,
			);
			productRefGroup = 8C5666A929E7CCB600F072D8 /* Products */;
			projectDirPath = "";
			projectRoot = "";
			targets = (
				8C5666A729E7CCB600F072D8 /* spotify application */,
			);
		};
/* End PBXProject section */

/* Begin PBXResourcesBuildPhase section */
		8C5666A629E7CCB600F072D8 /* Resources */ = {
			isa = PBXResourcesBuildPhase;
			buildActionMask = 2147483647;
			files = (
				8C5666B829E7CCBB00F072D8 /* LaunchScreen.storyboard in Resources */,
				8C5666B529E7CCBB00F072D8 /* Assets.xcassets in Resources */,
				8C5666B329E7CCB600F072D8 /* Main.storyboard in Resources */,
			);
			runOnlyForDeploymentPostprocessing = 0;
		};
/* End PBXResourcesBuildPhase section */

/* Begin PBXSourcesBuildPhase section */
		8C5666A429E7CCB600F072D8 /* Sources */ = {
			isa = PBXSourcesBuildPhase;
			buildActionMask = 2147483647;
			files = (
				8C2FDB8729E8391F00239204 /* ViewController3.swift in Sources */,
				8C496EAD2A1DD6C0000925FE /* libraryTableViewCell.swift in Sources */,
				8C2FDB8929E8453F00239204 /* ViewController4.swift in Sources */,
				8C68B62829EEDD3900ACE79C /* myCollectionViewCell.swift in Sources */,
				8C3E4C252A15EFA20042F721 /* fourTableViewCell.swift in Sources */,
				8C4E9A5129FA42750021BB37 /* homepage.swift in Sources */,
				8C09C49E29F18C9E0097F803 /* ViewController14.swift in Sources */,
				8C3BB04A29EE71F3004E2758 /* TableViewCell2.swift in Sources */,
				8C1F530929F3B33400928D77 /* dpotpv.swift in Sources */,
				8C5666B029E7CCB600F072D8 /* ViewController.swift in Sources */,
				8C68B62629EEDAEE00ACE79C /* ViewController12.swift in Sources */,
				8C5666C029E7DE6900F072D8 /* ViewController2.swift in Sources */,
				8C4F33B929F1176900B66430 /* popTableViewCell.swift in Sources */,
				8C5721952A0E066C00CA3EB8 /* firstCollectionViewCell.swift in Sources */,
				8C4E9A5329FA43160021BB37 /* searchPage.swift in Sources */,
				8C61E7E42A1C7BC5006FB6FA /* searchCollectionViewCell.swift in Sources */,
				8C5666AC29E7CCB600F072D8 /* AppDelegate.swift in Sources */,
				8C3BB04829EE5D39004E2758 /* ViewController11.swift in Sources */,
				8C0805FF29ED09E400F12665 /* ViewController9.swift in Sources */,
				8C2494DE2A1346F00079C650 /* thirdTableViewCell.swift in Sources */,
				8C42C86629E9232E00E9016D /* ViewController6.swift in Sources */,
				8C42C86829E9269600E9016D /* ViewController7.swift in Sources */,
				8C4E9A5529FA43910021BB37 /* librarayPage.swift in Sources */,
				8C42C86A29E93AD700E9016D /* ViewController8.swift in Sources */,
				8C3E4C2B2A15F87A0042F721 /* fourCollectionViewCell.swift in Sources */,
				8C4E9A4F29FA41EC0021BB37 /* tabBarcontroller.swift in Sources */,
				8C5721932A0E020400CA3EB8 /* secondTableViewCell.swift in Sources */,
				8C3E4C292A15F81C0042F721 /* fiveTableViewCell.swift in Sources */,
				8C3BB04629EE57FD004E2758 /* ViewController10.swift in Sources */,
				8C5666AE29E7CCB600F072D8 /* SceneDelegate.swift in Sources */,
				8C703BC42A0CC2AD00DCC3DF /* firstTableViewCell.swift in Sources */,
				8C6D461029F97D17004798A6 /* spotifypalylist.swift in Sources */,
				8C4E9A5729FA43CB0021BB37 /* premiumPage.swift in Sources */,
				8C2494E02A1347BC0079C650 /* secondCollectionViewCell.swift in Sources */,
				8C4F33B729F10CFC00B66430 /* ViewController13.swift in Sources */,
				8C2FDB8B29E84BC800239204 /* ViewController5.swift in Sources */,
				8C3E4C272A15F0310042F721 /* thirdCollectionViewCell.swift in Sources */,
				8C09C4A029F18EAB0097F803 /* spotifyCollectionViewCell.swift in Sources */,
			);
			runOnlyForDeploymentPostprocessing = 0;
		};
/* End PBXSourcesBuildPhase section */

/* Begin PBXVariantGroup section */
		8C5666B129E7CCB600F072D8 /* Main.storyboard */ = {
			isa = PBXVariantGroup;
			children = (
				8C5666B229E7CCB600F072D8 /* Base */,
			);
			name = Main.storyboard;
			sourceTree = "<group>";
		};
		8C5666B629E7CCBB00F072D8 /* LaunchScreen.storyboard */ = {
			isa = PBXVariantGroup;
			children = (
				8C5666B729E7CCBB00F072D8 /* Base */,
			);
			name = LaunchScreen.storyboard;
			sourceTree = "<group>";
		};
/* End PBXVariantGroup section */

/* Begin XCBuildConfiguration section */
		8C5666BA29E7CCBB00F072D8 /* Debug */ = {
			isa = XCBuildConfiguration;
			buildSettings = {
				ALWAYS_SEARCH_USER_PATHS = NO;
				CLANG_ANALYZER_NONNULL = YES;
				CLANG_ANALYZER_NUMBER_OBJECT_CONVERSION = YES_AGGRESSIVE;
				CLANG_CXX_LANGUAGE_STANDARD = "gnu++20";
				CLANG_ENABLE_MODULES = YES;
				CLANG_ENABLE_OBJC_ARC = YES;
				CLANG_ENABLE_OBJC_WEAK = YES;
				CLANG_WARN_BLOCK_CAPTURE_AUTORELEASING = YES;
				CLANG_WARN_BOOL_CONVERSION = YES;
				CLANG_WARN_COMMA = YES;
				CLANG_WARN_CONSTANT_CONVERSION = YES;
				CLANG_WARN_DEPRECATED_OBJC_IMPLEMENTATIONS = YES;
				CLANG_WARN_DIRECT_OBJC_ISA_USAGE = YES_ERROR;
				CLANG_WARN_DOCUMENTATION_COMMENTS = YES;
				CLANG_WARN_EMPTY_BODY = YES;
				CLANG_WARN_ENUM_CONVERSION = YES;
				CLANG_WARN_INFINITE_RECURSION = YES;
				CLANG_WARN_INT_CONVERSION = YES;
				CLANG_WARN_NON_LITERAL_NULL_CONVERSION = YES;
				CLANG_WARN_OBJC_IMPLICIT_RETAIN_SELF = YES;
				CLANG_WARN_OBJC_LITERAL_CONVERSION = YES;
				CLANG_WARN_OBJC_ROOT_CLASS = YES_ERROR;
				CLANG_WARN_QUOTED_INCLUDE_IN_FRAMEWORK_HEADER = YES;
				CLANG_WARN_RANGE_LOOP_ANALYSIS = YES;
				CLANG_WARN_STRICT_PROTOTYPES = YES;
				CLANG_WARN_SUSPICIOUS_MOVE = YES;
				CLANG_WARN_UNGUARDED_AVAILABILITY = YES_AGGRESSIVE;
				CLANG_WARN_UNREACHABLE_CODE = YES;
				CLANG_WARN__DUPLICATE_METHOD_MATCH = YES;
				COPY_PHASE_STRIP = NO;
				DEBUG_INFORMATION_FORMAT = dwarf;
				ENABLE_STRICT_OBJC_MSGSEND = YES;
				ENABLE_TESTABILITY = YES;
				GCC_C_LANGUAGE_STANDARD = gnu11;
				GCC_DYNAMIC_NO_PIC = NO;
				GCC_NO_COMMON_BLOCKS = YES;
				GCC_OPTIMIZATION_LEVEL = 0;
				GCC_PREPROCESSOR_DEFINITIONS = (
					"DEBUG=1",
					"$(inherited)",
				);
				GCC_WARN_64_TO_32_BIT_CONVERSION = YES;
				GCC_WARN_ABOUT_RETURN_TYPE = YES_ERROR;
				GCC_WARN_UNDECLARED_SELECTOR = YES;
				GCC_WARN_UNINITIALIZED_AUTOS = YES_AGGRESSIVE;
				GCC_WARN_UNUSED_FUNCTION = YES;
				GCC_WARN_UNUSED_VARIABLE = YES;
				IPHONEOS_DEPLOYMENT_TARGET = 16.2;
				MTL_ENABLE_DEBUG_INFO = INCLUDE_SOURCE;
				MTL_FAST_MATH = YES;
				ONLY_ACTIVE_ARCH = YES;
				SDKROOT = iphoneos;
				SWIFT_ACTIVE_COMPILATION_CONDITIONS = DEBUG;
				SWIFT_OPTIMIZATION_LEVEL = "-Onone";
			};
			name = Debug;
		};
		8C5666BB29E7CCBB00F072D8 /* Release */ = {
			isa = XCBuildConfiguration;
			buildSettings = {
				ALWAYS_SEARCH_USER_PATHS = NO;
				CLANG_ANALYZER_NONNULL = YES;
				CLANG_ANALYZER_NUMBER_OBJECT_CONVERSION = YES_AGGRESSIVE;
				CLANG_CXX_LANGUAGE_STANDARD = "gnu++20";
				CLANG_ENABLE_MODULES = YES;
				CLANG_ENABLE_OBJC_ARC = YES;
				CLANG_ENABLE_OBJC_WEAK = YES;
				CLANG_WARN_BLOCK_CAPTURE_AUTORELEASING = YES;
				CLANG_WARN_BOOL_CONVERSION = YES;
				CLANG_WARN_COMMA = YES;
				CLANG_WARN_CONSTANT_CONVERSION = YES;
				CLANG_WARN_DEPRECATED_OBJC_IMPLEMENTATIONS = YES;
				CLANG_WARN_DIRECT_OBJC_ISA_USAGE = YES_ERROR;
				CLANG_WARN_DOCUMENTATION_COMMENTS = YES;
				CLANG_WARN_EMPTY_BODY = YES;
				CLANG_WARN_ENUM_CONVERSION = YES;
				CLANG_WARN_INFINITE_RECURSION = YES;
				CLANG_WARN_INT_CONVERSION = YES;
				CLANG_WARN_NON_LITERAL_NULL_CONVERSION = YES;
				CLANG_WARN_OBJC_IMPLICIT_RETAIN_SELF = YES;
				CLANG_WARN_OBJC_LITERAL_CONVERSION = YES;
				CLANG_WARN_OBJC_ROOT_CLASS = YES_ERROR;
				CLANG_WARN_QUOTED_INCLUDE_IN_FRAMEWORK_HEADER = YES;
				CLANG_WARN_RANGE_LOOP_ANALYSIS = YES;
				CLANG_WARN_STRICT_PROTOTYPES = YES;
				CLANG_WARN_SUSPICIOUS_MOVE = YES;
				CLANG_WARN_UNGUARDED_AVAILABILITY = YES_AGGRESSIVE;
				CLANG_WARN_UNREACHABLE_CODE = YES;
				CLANG_WARN__DUPLICATE_METHOD_MATCH = YES;
				COPY_PHASE_STRIP = NO;
				DEBUG_INFORMATION_FORMAT = "dwarf-with-dsym";
				ENABLE_NS_ASSERTIONS = NO;
				ENABLE_STRICT_OBJC_MSGSEND = YES;
				GCC_C_LANGUAGE_STANDARD = gnu11;
				GCC_NO_COMMON_BLOCKS = YES;
				GCC_WARN_64_TO_32_BIT_CONVERSION = YES;
				GCC_WARN_ABOUT_RETURN_TYPE = YES_ERROR;
				GCC_WARN_UNDECLARED_SELECTOR = YES;
				GCC_WARN_UNINITIALIZED_AUTOS = YES_AGGRESSIVE;
				GCC_WARN_UNUSED_FUNCTION = YES;
				GCC_WARN_UNUSED_VARIABLE = YES;
				IPHONEOS_DEPLOYMENT_TARGET = 16.2;
				MTL_ENABLE_DEBUG_INFO = NO;
				MTL_FAST_MATH = YES;
				SDKROOT = iphoneos;
				SWIFT_COMPILATION_MODE = wholemodule;
				SWIFT_OPTIMIZATION_LEVEL = "-O";
				VALIDATE_PRODUCT = YES;
			};
			name = Release;
		};
		8C5666BD29E7CCBB00F072D8 /* Debug */ = {
			isa = XCBuildConfiguration;
			buildSettings = {
				ASSETCATALOG_COMPILER_APPICON_NAME = AppIcon;
				ASSETCATALOG_COMPILER_GLOBAL_ACCENT_COLOR_NAME = AccentColor;
				CODE_SIGN_STYLE = Automatic;
				CURRENT_PROJECT_VERSION = 1;
				DEVELOPMENT_TEAM = MTL7SH5Y39;
				GENERATE_INFOPLIST_FILE = YES;
				INFOPLIST_FILE = "spotify application/Info.plist";
				INFOPLIST_KEY_UIApplicationSupportsIndirectInputEvents = YES;
				INFOPLIST_KEY_UILaunchStoryboardName = LaunchScreen;
				INFOPLIST_KEY_UIMainStoryboardFile = Main;
				INFOPLIST_KEY_UISupportedInterfaceOrientations_iPad = "UIInterfaceOrientationPortrait UIInterfaceOrientationPortraitUpsideDown UIInterfaceOrientationLandscapeLeft UIInterfaceOrientationLandscapeRight";
				INFOPLIST_KEY_UISupportedInterfaceOrientations_iPhone = "UIInterfaceOrientationPortrait UIInterfaceOrientationLandscapeLeft UIInterfaceOrientationLandscapeRight";
				LD_RUNPATH_SEARCH_PATHS = (
					"$(inherited)",
					"@executable_path/Frameworks",
				);
				MARKETING_VERSION = 1.0;
				PRODUCT_BUNDLE_IDENTIFIER = "spotify-application.spotify-application";
				PRODUCT_NAME = "$(TARGET_NAME)";
				SWIFT_EMIT_LOC_STRINGS = YES;
				SWIFT_VERSION = 5.0;
				TARGETED_DEVICE_FAMILY = "1,2";
			};
			name = Debug;
		};
		8C5666BE29E7CCBB00F072D8 /* Release */ = {
			isa = XCBuildConfiguration;
			buildSettings = {
				ASSETCATALOG_COMPILER_APPICON_NAME = AppIcon;
				ASSETCATALOG_COMPILER_GLOBAL_ACCENT_COLOR_NAME = AccentColor;
				CODE_SIGN_STYLE = Automatic;
				CURRENT_PROJECT_VERSION = 1;
				DEVELOPMENT_TEAM = MTL7SH5Y39;
				GENERATE_INFOPLIST_FILE = YES;
				INFOPLIST_FILE = "spotify application/Info.plist";
				INFOPLIST_KEY_UIApplicationSupportsIndirectInputEvents = YES;
				INFOPLIST_KEY_UILaunchStoryboardName = LaunchScreen;
				INFOPLIST_KEY_UIMainStoryboardFile = Main;
				INFOPLIST_KEY_UISupportedInterfaceOrientations_iPad = "UIInterfaceOrientationPortrait UIInterfaceOrientationPortraitUpsideDown UIInterfaceOrientationLandscapeLeft UIInterfaceOrientationLandscapeRight";
				INFOPLIST_KEY_UISupportedInterfaceOrientations_iPhone = "UIInterfaceOrientationPortrait UIInterfaceOrientationLandscapeLeft UIInterfaceOrientationLandscapeRight";
				LD_RUNPATH_SEARCH_PATHS = (
					"$(inherited)",
					"@executable_path/Frameworks",
				);
				MARKETING_VERSION = 1.0;
				PRODUCT_BUNDLE_IDENTIFIER = "spotify-application.spotify-application";
				PRODUCT_NAME = "$(TARGET_NAME)";
				SWIFT_EMIT_LOC_STRINGS = YES;
				SWIFT_VERSION = 5.0;
				TARGETED_DEVICE_FAMILY = "1,2";
			};
			name = Release;
		};
/* End XCBuildConfiguration section */

/* Begin XCConfigurationList section */
		8C5666A329E7CCB600F072D8 /* Build configuration list for PBXProject "spotify application" */ = {
			isa = XCConfigurationList;
			buildConfigurations = (
				8C5666BA29E7CCBB00F072D8 /* Debug */,
				8C5666BB29E7CCBB00F072D8 /* Release */,
			);
			defaultConfigurationIsVisible = 0;
			defaultConfigurationName = Release;
		};
		8C5666BC29E7CCBB00F072D8 /* Build configuration list for PBXNativeTarget "spotify application" */ = {
			isa = XCConfigurationList;
			buildConfigurations = (
				8C5666BD29E7CCBB00F072D8 /* Debug */,
				8C5666BE29E7CCBB00F072D8 /* Release */,
			);
			defaultConfigurationIsVisible = 0;
			defaultConfigurationName = Release;
		};
/* End XCConfigurationList section */

/* Begin XCRemoteSwiftPackageReference section */
		8C1F530329F3B03600928D77 /* XCRemoteSwiftPackageReference "DPOTPView" */ = {
			isa = XCRemoteSwiftPackageReference;
			repositoryURL = "https://github.com/Datt1994/DPOTPView.git";
			requirement = {
				branch = master;
				kind = branch;
			};
		};
/* End XCRemoteSwiftPackageReference section */

/* Begin XCSwiftPackageProductDependency section */
		8C1F530429F3B03600928D77 /* DPOTPView */ = {
			isa = XCSwiftPackageProductDependency;
			package = 8C1F530329F3B03600928D77 /* XCRemoteSwiftPackageReference "DPOTPView" */;
			productName = DPOTPView;
		};
/* End XCSwiftPackageProductDependency section */
	};
	rootObject = 8C5666A029E7CCB600F072D8 /* Project object */;
}
